
Microsoft Visual Studio Solution File, Format Version 12.00
# Visual Studio 15
VisualStudioVersion = 15.0.26228.4
MinimumVisualStudioVersion = 10.0.40219.1
Project("{FAE04EC0-301F-11D3-BF4B-00C04F79EFBC}") = "ConsoleApplication1", "ConsoleApplication1\ConsoleApplication1.csproj", "{B2DA2A3D-D950-479F-967B-2DABF5F89DB0}"
EndProject
Project("{FAE04EC0-301F-11D3-BF4B-00C04F79EFBC}") = "testProj", "testProj\testProj.csproj", "{FD412AAB-0FFA-43FF-9DE8-13B9BE63EB31}"
EndProject
Global
	GlobalSection(SolutionConfigurationPlatforms) = preSolution
		Debug|Any CPU = Debug|Any CPU
		Release|Any CPU = Release|Any CPU
	EndGlobalSection
	GlobalSection(ProjectConfigurationPlatforms) = postSolution
		{B2DA2A3D-D950-479F-967B-2DABF5F89DB0}.Debug|Any CPU.ActiveCfg = Debug|Any CPU
		{B2DA2A3D-D950-479F-967B-2DABF5F89DB0}.Debug|Any CPU.Build.0 = Debug|Any CPU
		{B2DA2A3D-D950-479F-967B-2DABF5F89DB0}.Release|Any CPU.ActiveCfg = Release|Any CPU
		{B2DA2A3D-D950-479F-967B-2DABF5F89DB0}.Release|Any CPU.Build.0 = Release|Any CPU
		{FD412AAB-0FFA-43FF-9DE8-13B9BE63EB31}.Debug|Any CPU.ActiveCfg = Debug|Any CPU
		{FD412AAB-0FFA-43FF-9DE8-13B9BE63EB31}.Debug|Any CPU.Build.0 = Debug|Any CPU
		{FD412AAB-0FFA-43FF-9DE8-13B9BE63EB31}.Release|Any CPU.ActiveCfg = Release|Any CPU
		{FD412AAB-0FFA-43FF-9DE8-13B9BE63EB31}.Release|Any CPU.Build.0 = Release|Any CPU
	EndGlobalSection
	GlobalSection(SolutionProperties) = preSolution
		HideSolutionNode = FALSE
	EndGlobalSection
EndGlobal
